# This file is autogenerated, do not edit; changes may be undone by the next 'dep ensure'.


[[projects]]
  name = "github.com/alpacahq/marketstore"
  packages = [
    "catalog",
    "executor",
    "executor/buffile",
    "executor/readhint",
    "planner",
    "plugins/trigger",
    "utils",
    "utils/io",
    "utils/log"
  ]
  revision = "d23d848b2ef6288ee7647e48e1ed18afe07b7fa4"
  version = "v2.1.2"

[[projects]]
  branch = "master"
  name = "github.com/golang/glog"
  packages = ["."]
  revision = "23def4e6c14b4da8ac2ed8007337bc5eb5007998"

[[projects]]
  branch = "master"
  name = "github.com/piquette/finance-go"
  packages = [
    ".",
    "form",
    "history"
  ]
  revision = "eba126c332b8bd096349382691b5d8c3afa2f740"

[[projects]]
  name = "github.com/shopspring/decimal"
  packages = ["."]
  revision = "69b3a8ad1f5f2c8bd855cb6506d18593064a346b"
  version = "1.0.1"

[[projects]]
  name = "gopkg.in/yaml.v2"
  packages = ["."]
  revision = "5420a8b6744d3b0345ab293f6fcba19c978f1183"
  version = "v2.2.1"

[solve-meta]
  analyzer-name = "dep"
  analyzer-version = 1
  inputs-digest = "7ac4a9dcd4b52d40d71f22e1b7f49c9fc2cc69953eda536bdc9263b78ba0ddb7"
  solver-name = "gps-cdcl"
  solver-version = 1
